
Microsoft Visual Studio Solution File, Format Version 12.00
# Visual Studio 15
VisualStudioVersion = 15.0.26730.16
MinimumVisualStudioVersion = 10.0.40219.1
Project("{8BC9CEB8-8B4A-11D0-8D11-00A0C91BC942}") = "Task1 - Theory of errors", "Task1 - Theory of errors\Task1 - Theory of errors.vcxproj", "{52A5EF90-D5B5-4CD5-B7C1-395CA28D2B31}"
EndProject
Global
	GlobalSection(SolutionConfigurationPlatforms) = preSolution
		Debug|x64 = Debug|x64
		Debug|x86 = Debug|x86
		Release|x64 = Release|x64
		Release|x86 = Release|x86
	EndGlobalSection
	GlobalSection(ProjectConfigurationPlatforms) = postSolution
		{52A5EF90-D5B5-4CD5-B7C1-395CA28D2B31}.Debug|x64.ActiveCfg = Debug|x64
		{52A5EF90-D5B5-4CD5-B7C1-395CA28D2B31}.Debug|x64.Build.0 = Debug|x64
		{52A5EF90-D5B5-4CD5-B7C1-395CA28D2B31}.Debug|x86.ActiveCfg = Debug|Win32
		{52A5EF90-D5B5-4CD5-B7C1-395CA28D2B31}.Debug|x86.Build.0 = Debug|Win32
		{52A5EF90-D5B5-4CD5-B7C1-395CA28D2B31}.Release|x64.ActiveCfg = Release|x64
		{52A5EF90-D5B5-4CD5-B7C1-395CA28D2B31}.Release|x64.Build.0 = Release|x64
		{52A5EF90-D5B5-4CD5-B7C1-395CA28D2B31}.Release|x86.ActiveCfg = Release|Win32
		{52A5EF90-D5B5-4CD5-B7C1-395CA28D2B31}.Release|x86.Build.0 = Release|Win32
	EndGlobalSection
	GlobalSection(SolutionProperties) = preSolution
		HideSolutionNode = FALSE
	EndGlobalSection
	GlobalSection(ExtensibilityGlobals) = postSolution
		SolutionGuid = {107629B7-12AD-472E-BE12-BA873AF59D06}
	EndGlobalSection
EndGlobal
